
Microsoft Visual Studio Solution File, Format Version 12.00
# Visual Studio 15
VisualStudioVersion = 15.0.26403.3
MinimumVisualStudioVersion = 10.0.40219.1
Project("{8BC9CEB8-8B4A-11D0-8D11-00A0C91BC942}") = "LuaProjekt", "LuaProjekt\LuaProjekt.vcxproj", "{61E7FC73-E7AE-44EE-BF89-6435BB62FD26}"
EndProject
Project("{8BC9CEB8-8B4A-11D0-8D11-00A0C91BC942}") = "SFML-Editor", "SFML-Editor\SFML-Editor.vcxproj", "{5F8F617E-65A0-4585-B906-1C021BB9153F}"
EndProject
Global
	GlobalSection(SolutionConfigurationPlatforms) = preSolution
		Debug|x64 = Debug|x64
		Debug|x86 = Debug|x86
		Release|x64 = Release|x64
		Release|x86 = Release|x86
	EndGlobalSection
	GlobalSection(ProjectConfigurationPlatforms) = postSolution
		{61E7FC73-E7AE-44EE-BF89-6435BB62FD26}.Debug|x64.ActiveCfg = Debug|x64
		{61E7FC73-E7AE-44EE-BF89-6435BB62FD26}.Debug|x64.Build.0 = Debug|x64
		{61E7FC73-E7AE-44EE-BF89-6435BB62FD26}.Debug|x86.ActiveCfg = Debug|Win32
		{61E7FC73-E7AE-44EE-BF89-6435BB62FD26}.Debug|x86.Build.0 = Debug|Win32
		{61E7FC73-E7AE-44EE-BF89-6435BB62FD26}.Release|x64.ActiveCfg = Release|x64
		{61E7FC73-E7AE-44EE-BF89-6435BB62FD26}.Release|x64.Build.0 = Release|x64
		{61E7FC73-E7AE-44EE-BF89-6435BB62FD26}.Release|x86.ActiveCfg = Release|Win32
		{61E7FC73-E7AE-44EE-BF89-6435BB62FD26}.Release|x86.Build.0 = Release|Win32
		{5F8F617E-65A0-4585-B906-1C021BB9153F}.Debug|x64.ActiveCfg = Debug|x64
		{5F8F617E-65A0-4585-B906-1C021BB9153F}.Debug|x64.Build.0 = Debug|x64
		{5F8F617E-65A0-4585-B906-1C021BB9153F}.Debug|x86.ActiveCfg = Debug|Win32
		{5F8F617E-65A0-4585-B906-1C021BB9153F}.Debug|x86.Build.0 = Debug|Win32
		{5F8F617E-65A0-4585-B906-1C021BB9153F}.Release|x64.ActiveCfg = Release|x64
		{5F8F617E-65A0-4585-B906-1C021BB9153F}.Release|x64.Build.0 = Release|x64
		{5F8F617E-65A0-4585-B906-1C021BB9153F}.Release|x86.ActiveCfg = Release|Win32
		{5F8F617E-65A0-4585-B906-1C021BB9153F}.Release|x86.Build.0 = Release|Win32
	EndGlobalSection
	GlobalSection(SolutionProperties) = preSolution
		HideSolutionNode = FALSE
	EndGlobalSection
	GlobalSection(ExtensibilityGlobals) = postSolution
		SolutionGuid = {A30C248B-A02D-4640-A273-A86A0121F333}
	EndGlobalSection
EndGlobal
